{
  "version": 4,
  "terraform_version": "1.11.0",
  "serial": 12,
  "lineage": "755899fd-3431-c477-ca32-58ebfcc7ea8b",
  "outputs": {},
  "resources": [
    {
      "mode": "managed",
      "type": "render_postgres",
      "name": "primes-service-database",
      "provider": "provider[\"registry.terraform.io/render-oss/render\"]",
      "instances": [
        {
          "schema_version": 0,
          "attributes": {
            "connection_info": {
              "external_connection_string": "postgresql://fred:qoi9ATUHeqv3G7AYyAQWKmeF2tu2EN0U@dpg-cvas2st6l47c73a7mce0-a.ohio-postgres.render.com:5432/primes_xwd9",
              "internal_connection_string": "postgresql://fred:qoi9ATUHeqv3G7AYyAQWKmeF2tu2EN0U@dpg-cvas2st6l47c73a7mce0-a/primes_xwd9",
              "password": "qoi9ATUHeqv3G7AYyAQWKmeF2tu2EN0U",
              "psql_command": "PGPASSWORD=qoi9ATUHeqv3G7AYyAQWKmeF2tu2EN0U psql -h dpg-cvas2st6l47c73a7mce0-a.ohio-postgres.render.com -p 5432 -U fred primes_xwd9"
            },
            "database_name": "primes",
            "database_user": "fred",
            "datadog_api_key": null,
            "environment_id": "evm-cvas2sl6l47c73a7mcbg",
            "high_availability_enabled": false,
            "id": "dpg-cvas2st6l47c73a7mce0-a",
            "ip_allow_list": [],
            "log_stream_override": null,
            "name": "primes-service-databse",
            "plan": "free",
            "primary_postgres_id": null,
            "read_replicas": null,
            "region": "ohio",
            "role": "primary",
            "version": "16"
          },
          "sensitive_attributes": [
            [
              {
                "type": "get_attr",
                "value": "connection_info"
              }
            ],
            [
              {
                "type": "get_attr",
                "value": "connection_info"
              },
              {
                "type": "get_attr",
                "value": "psql_command"
              }
            ],
            [
              {
                "type": "get_attr",
                "value": "connection_info"
              },
              {
                "type": "get_attr",
                "value": "external_connection_string"
              }
            ],
            [
              {
                "type": "get_attr",
                "value": "connection_info"
              },
              {
                "type": "get_attr",
                "value": "internal_connection_string"
              }
            ],
            [
              {
                "type": "get_attr",
                "value": "connection_info"
              },
              {
                "type": "get_attr",
                "value": "password"
              }
            ],
            [
              {
                "type": "get_attr",
                "value": "datadog_api_key"
              }
            ]
          ],
          "dependencies": [
            "render_project.p466"
          ]
        }
      ]
    },
    {
      "mode": "managed",
      "type": "render_project",
      "name": "p466",
      "provider": "provider[\"registry.terraform.io/render-oss/render\"]",
      "instances": [
        {
          "schema_version": 0,
          "attributes": {
            "environments": {
              "development": {
                "id": "evm-cvas2sl6l47c73a7mcbg",
                "name": "development",
                "protected_status": "unprotected"
              },
              "staging": {
                "id": "evm-cvas2sl6l47c73a7mcc0",
                "name": "staging",
                "protected_status": "protected"
              }
            },
            "id": "prj-cvas2sl6l47c73a7mcb0",
            "name": "P466 - Spring 2025"
          },
          "sensitive_attributes": []
        }
      ]
    }
  ],
  "check_results": null
}
